
Microsoft Visual Studio Solution File, Format Version 12.00
# Visual Studio Version 17
VisualStudioVersion = 17.2.32616.157
MinimumVisualStudioVersion = 10.0.40219.1
Project("{9A19103F-16F7-4668-BE54-9A1E7A4F7556}") = "GPNA.gRPCServer", "GPNA.WebApiTemplate\GPNA.gRPCServer.csproj", "{6BE65176-137E-4730-A251-E38250BB3BBA}"
EndProject
Global
	GlobalSection(SolutionConfigurationPlatforms) = preSolution
		Debug|Any CPU = Debug|Any CPU
		Release|Any CPU = Release|Any CPU
	EndGlobalSection
	GlobalSection(ProjectConfigurationPlatforms) = postSolution
		{6BE65176-137E-4730-A251-E38250BB3BBA}.Debug|Any CPU.ActiveCfg = Debug|Any CPU
		{6BE65176-137E-4730-A251-E38250BB3BBA}.Debug|Any CPU.Build.0 = Debug|Any CPU
		{6BE65176-137E-4730-A251-E38250BB3BBA}.Release|Any CPU.ActiveCfg = Release|Any CPU
		{6BE65176-137E-4730-A251-E38250BB3BBA}.Release|Any CPU.Build.0 = Release|Any CPU
	EndGlobalSection
	GlobalSection(SolutionProperties) = preSolution
		HideSolutionNode = FALSE
	EndGlobalSection
	GlobalSection(ExtensibilityGlobals) = postSolution
		SolutionGuid = {0D636E2C-CD5D-40FE-B90E-F85FB3F88B43}
	EndGlobalSection
EndGlobal
